
Microsoft Visual Studio Solution File, Format Version 12.00
# Visual Studio Version 17
VisualStudioVersion = 17.6.33927.249
MinimumVisualStudioVersion = 10.0.40219.1
Project("{9A19103F-16F7-4668-BE54-9A1E7A4F7556}") = "DP.EntityFrameworkCore.Extensions.BulkOperators.EF2X", "DP.EntityFrameworkCore.Extensions.BulkOperators.EF2X\DP.EntityFrameworkCore.Extensions.BulkOperators.EF2X.csproj", "{5FE522BE-BC01-402C-ADBD-B69C47CE4B57}"
EndProject
Project("{2150E333-8FDC-42A3-9474-1A3956D46DE8}") = ".github", ".github", "{E6D3C663-8ACB-41FC-8222-835E4BC3B260}"
EndProject
Project("{2150E333-8FDC-42A3-9474-1A3956D46DE8}") = "workflows", "workflows", "{CECFD35C-4AF6-43E0-91FF-C50D98628B82}"
	ProjectSection(SolutionItems) = preProject
		.github\workflows\publish.yml = .github\workflows\publish.yml
	EndProjectSection
EndProject
Project("{2150E333-8FDC-42A3-9474-1A3956D46DE8}") = "Solution Items", "Solution Items", "{15752E25-7D51-4F06-977A-5652E31A496B}"
	ProjectSection(SolutionItems) = preProject
		README.md = README.md
	EndProjectSection
EndProject
Global
	GlobalSection(SolutionConfigurationPlatforms) = preSolution
		Debug|Any CPU = Debug|Any CPU
		Release|Any CPU = Release|Any CPU
	EndGlobalSection
	GlobalSection(ProjectConfigurationPlatforms) = postSolution
		{5FE522BE-BC01-402C-ADBD-B69C47CE4B57}.Debug|Any CPU.ActiveCfg = Debug|Any CPU
		{5FE522BE-BC01-402C-ADBD-B69C47CE4B57}.Debug|Any CPU.Build.0 = Debug|Any CPU
		{5FE522BE-BC01-402C-ADBD-B69C47CE4B57}.Release|Any CPU.ActiveCfg = Release|Any CPU
		{5FE522BE-BC01-402C-ADBD-B69C47CE4B57}.Release|Any CPU.Build.0 = Release|Any CPU
	EndGlobalSection
	GlobalSection(SolutionProperties) = preSolution
		HideSolutionNode = FALSE
	EndGlobalSection
	GlobalSection(NestedProjects) = preSolution
		{CECFD35C-4AF6-43E0-91FF-C50D98628B82} = {E6D3C663-8ACB-41FC-8222-835E4BC3B260}
	EndGlobalSection
	GlobalSection(ExtensibilityGlobals) = postSolution
		SolutionGuid = {6DA35732-8648-43EB-877F-5363D61E9DD2}
	EndGlobalSection
EndGlobal
